// !$*UTF8*$!
{
	archiveVersion = 1;
	classes = {
	};
	objectVersion = 46;
	objects = {

/* Begin PBXBuildFile section */
		8270D0A51CA6D76500B9069A /* SKTaskUtils.h in Headers */ = {isa = PBXBuildFile; fileRef = 8270D0A41CA6D76500B9069A /* SKTaskUtils.h */; settings = {ATTRIBUTES = (Public, ); }; };
		8270D0AC1CA6D76500B9069A /* SKTaskUtils.framework in Frameworks */ = {isa = PBXBuildFile; fileRef = 8270D0A11CA6D76500B9069A /* SKTaskUtils.framework */; settings = {ATTRIBUTES = (Required, ); }; };
		8270D0B11CA6D76500B9069A /* SKTaskUtilsTests.m in Sources */ = {isa = PBXBuildFile; fileRef = 8270D0B01CA6D76500B9069A /* SKTaskUtilsTests.m */; };
		8270D0BD1CA6D79800B9069A /* SKTaskQueue.h in Headers */ = {isa = PBXBuildFile; fileRef = 8270D0BB1CA6D79800B9069A /* SKTaskQueue.h */; };
		8270D0BE1CA6D79800B9069A /* SKTaskQueue.m in Sources */ = {isa = PBXBuildFile; fileRef = 8270D0BC1CA6D79800B9069A /* SKTaskQueue.m */; };
		8270D0C01CA6D7AD00B9069A /* SKTaskQueueTest.m in Sources */ = {isa = PBXBuildFile; fileRef = 8270D0BF1CA6D7AD00B9069A /* SKTaskQueueTest.m */; };
		8270D0D71CA6E7D200B9069A /* OCHamcrest.framework in Frameworks */ = {isa = PBXBuildFile; fileRef = 8270D0D51CA6E7D200B9069A /* OCHamcrest.framework */; };
		8270D0D81CA6E7D200B9069A /* OCMockito.framework in Frameworks */ = {isa = PBXBuildFile; fileRef = 8270D0D61CA6E7D200B9069A /* OCMockito.framework */; };
		8270D0DC1CA8186300B9069A /* SKTask.h in Headers */ = {isa = PBXBuildFile; fileRef = 8270D0DA1CA8186300B9069A /* SKTask.h */; };
		8270D0DD1CA8186300B9069A /* SKTask.m in Sources */ = {isa = PBXBuildFile; fileRef = 8270D0DB1CA8186300B9069A /* SKTask.m */; };
/* End PBXBuildFile section */

/* Begin PBXContainerItemProxy section */
		8270D0AD1CA6D76500B9069A /* PBXContainerItemProxy */ = {
			isa = PBXContainerItemProxy;
			containerPortal = 8270D0981CA6D76500B9069A /* Project object */;
			proxyType = 1;
			remoteGlobalIDString = 8270D0A01CA6D76500B9069A;
			remoteInfo = SKTaskUtils;
		};
/* End PBXContainerItemProxy section */

/* Begin PBXFileReference section */
		8270D0A11CA6D76500B9069A /* SKTaskUtils.framework */ = {isa = PBXFileReference; explicitFileType = wrapper.framework; includeInIndex = 0; path = SKTaskUtils.framework; sourceTree = BUILT_PRODUCTS_DIR; };
		8270D0A41CA6D76500B9069A /* SKTaskUtils.h */ = {isa = PBXFileReference; lastKnownFileType = sourcecode.c.h; path = SKTaskUtils.h; sourceTree = "<group>"; };
		8270D0A61CA6D76500B9069A /* Info.plist */ = {isa = PBXFileReference; lastKnownFileType = text.plist.xml; path = Info.plist; sourceTree = "<group>"; };
		8270D0AB1CA6D76500B9069A /* SKTaskUtilsTests.xctest */ = {isa = PBXFileReference; explicitFileType = wrapper.cfbundle; includeInIndex = 0; path = SKTaskUtilsTests.xctest; sourceTree = BUILT_PRODUCTS_DIR; };
		8270D0B01CA6D76500B9069A /* SKTaskUtilsTests.m */ = {isa = PBXFileReference; lastKnownFileType = sourcecode.c.objc; path = SKTaskUtilsTests.m; sourceTree = "<group>"; };
		8270D0B21CA6D76500B9069A /* Info.plist */ = {isa = PBXFileReference; lastKnownFileType = text.plist.xml; path = Info.plist; sourceTree = "<group>"; };
		8270D0BB1CA6D79800B9069A /* SKTaskQueue.h */ = {isa = PBXFileReference; fileEncoding = 4; lastKnownFileType = sourcecode.c.h; path = SKTaskQueue.h; sourceTree = "<group>"; };
		8270D0BC1CA6D79800B9069A /* SKTaskQueue.m */ = {isa = PBXFileReference; fileEncoding = 4; lastKnownFileType = sourcecode.c.objc; path = SKTaskQueue.m; sourceTree = "<group>"; };
		8270D0BF1CA6D7AD00B9069A /* SKTaskQueueTest.m */ = {isa = PBXFileReference; fileEncoding = 4; lastKnownFileType = sourcecode.c.objc; path = SKTaskQueueTest.m; sourceTree = "<group>"; };
		8270D0D51CA6E7D200B9069A /* OCHamcrest.framework */ = {isa = PBXFileReference; lastKnownFileType = wrapper.framework; name = OCHamcrest.framework; path = ../Carthage/Build/iOS/OCHamcrest.framework; sourceTree = "<group>"; };
		8270D0D61CA6E7D200B9069A /* OCMockito.framework */ = {isa = PBXFileReference; lastKnownFileType = wrapper.framework; name = OCMockito.framework; path = ../Carthage/Build/iOS/OCMockito.framework; sourceTree = "<group>"; };
		8270D0DA1CA8186300B9069A /* SKTask.h */ = {isa = PBXFileReference; fileEncoding = 4; lastKnownFileType = sourcecode.c.h; path = SKTask.h; sourceTree = "<group>"; };
		8270D0DB1CA8186300B9069A /* SKTask.m */ = {isa = PBXFileReference; fileEncoding = 4; lastKnownFileType = sourcecode.c.objc; path = SKTask.m; sourceTree = "<group>"; };
/* End PBXFileReference section */

/* Begin PBXFrameworksBuildPhase section */
		8270D09D1CA6D76500B9069A /* Frameworks */ = {
			isa = PBXFrameworksBuildPhase;
			buildActionMask = 2147483647;
			files = (
			);
			runOnlyForDeploymentPostprocessing = 0;
		};
		8270D0A81CA6D76500B9069A /* Frameworks */ = {
			isa = PBXFrameworksBuildPhase;
			buildActionMask = 2147483647;
			files = (
				8270D0D71CA6E7D200B9069A /* OCHamcrest.framework in Frameworks */,
				8270D0D81CA6E7D200B9069A /* OCMockito.framework in Frameworks */,
				8270D0AC1CA6D76500B9069A /* SKTaskUtils.framework in Frameworks */,
			);
			runOnlyForDeploymentPostprocessing = 0;
		};
/* End PBXFrameworksBuildPhase section */

/* Begin PBXGroup section */
		8270D0971CA6D76500B9069A = {
			isa = PBXGroup;
			children = (
				8270D0A31CA6D76500B9069A /* SKTaskUtils */,
				8270D0AF1CA6D76500B9069A /* SKTaskUtilsTests */,
				8270D0A21CA6D76500B9069A /* Products */,
			);
			sourceTree = "<group>";
		};
		8270D0A21CA6D76500B9069A /* Products */ = {
			isa = PBXGroup;
			children = (
				8270D0A11CA6D76500B9069A /* SKTaskUtils.framework */,
				8270D0AB1CA6D76500B9069A /* SKTaskUtilsTests.xctest */,
			);
			name = Products;
			sourceTree = "<group>";
		};
		8270D0A31CA6D76500B9069A /* SKTaskUtils */ = {
			isa = PBXGroup;
			children = (
				8270D0A41CA6D76500B9069A /* SKTaskUtils.h */,
				8270D0A61CA6D76500B9069A /* Info.plist */,
				8270D0DA1CA8186300B9069A /* SKTask.h */,
				8270D0DB1CA8186300B9069A /* SKTask.m */,
				8270D0BB1CA6D79800B9069A /* SKTaskQueue.h */,
				8270D0BC1CA6D79800B9069A /* SKTaskQueue.m */,
			);
			path = SKTaskUtils;
			sourceTree = "<group>";
		};
		8270D0AF1CA6D76500B9069A /* SKTaskUtilsTests */ = {
			isa = PBXGroup;
			children = (
				8270D0D51CA6E7D200B9069A /* OCHamcrest.framework */,
				8270D0D61CA6E7D200B9069A /* OCMockito.framework */,
				8270D0B01CA6D76500B9069A /* SKTaskUtilsTests.m */,
				8270D0B21CA6D76500B9069A /* Info.plist */,
				8270D0BF1CA6D7AD00B9069A /* SKTaskQueueTest.m */,
			);
			path = SKTaskUtilsTests;
			sourceTree = "<group>";
		};
/* End PBXGroup section */

/* Begin PBXHeadersBuildPhase section */
		8270D09E1CA6D76500B9069A /* Headers */ = {
			isa = PBXHeadersBuildPhase;
			buildActionMask = 2147483647;
			files = (
				8270D0DC1CA8186300B9069A /* SKTask.h in Headers */,
				8270D0A51CA6D76500B9069A /* SKTaskUtils.h in Headers */,
				8270D0BD1CA6D79800B9069A /* SKTaskQueue.h in Headers */,
			);
			runOnlyForDeploymentPostprocessing = 0;
		};
/* End PBXHeadersBuildPhase section */

/* Begin PBXNativeTarget section */
		8270D0A01CA6D76500B9069A /* SKTaskUtils */ = {
			isa = PBXNativeTarget;
			buildConfigurationList = 8270D0B51CA6D76500B9069A /* Build configuration list for PBXNativeTarget "SKTaskUtils" */;
			buildPhases = (
				8270D09C1CA6D76500B9069A /* Sources */,
				8270D09D1CA6D76500B9069A /* Frameworks */,
				8270D09E1CA6D76500B9069A /* Headers */,
				8270D09F1CA6D76500B9069A /* Resources */,
			);
			buildRules = (
			);
			dependencies = (
			);
			name = SKTaskUtils;
			productName = SKTaskUtils;
			productReference = 8270D0A11CA6D76500B9069A /* SKTaskUtils.framework */;
			productType = "com.apple.product-type.framework";
		};
		8270D0AA1CA6D76500B9069A /* SKTaskUtilsTests */ = {
			isa = PBXNativeTarget;
			buildConfigurationList = 8270D0B81CA6D76500B9069A /* Build configuration list for PBXNativeTarget "SKTaskUtilsTests" */;
			buildPhases = (
				8270D0A71CA6D76500B9069A /* Sources */,
				8270D0A81CA6D76500B9069A /* Frameworks */,
				8270D0A91CA6D76500B9069A /* Resources */,
				8270D0D91CA6E8AC00B9069A /* ShellScript */,
			);
			buildRules = (
			);
			dependencies = (
				8270D0AE1CA6D76500B9069A /* PBXTargetDependency */,
			);
			name = SKTaskUtilsTests;
			productName = SKTaskUtilsTests;
			productReference = 8270D0AB1CA6D76500B9069A /* SKTaskUtilsTests.xctest */;
			productType = "com.apple.product-type.bundle.unit-test";
		};
/* End PBXNativeTarget section */

/* Begin PBXProject section */
		8270D0981CA6D76500B9069A /* Project object */ = {
			isa = PBXProject;
			attributes = {
				LastUpgradeCheck = 0720;
				ORGANIZATIONNAME = SK;
				TargetAttributes = {
					8270D0A01CA6D76500B9069A = {
						CreatedOnToolsVersion = 7.2.1;
					};
					8270D0AA1CA6D76500B9069A = {
						CreatedOnToolsVersion = 7.2.1;
					};
				};
			};
			buildConfigurationList = 8270D09B1CA6D76500B9069A /* Build configuration list for PBXProject "SKTaskUtils" */;
			compatibilityVersion = "Xcode 3.2";
			developmentRegion = English;
			hasScannedForEncodings = 0;
			knownRegions = (
				en,
			);
			mainGroup = 8270D0971CA6D76500B9069A;
			productRefGroup = 8270D0A21CA6D76500B9069A /* Products */;
			projectDirPath = "";
			projectRoot = "";
			targets = (
				8270D0A01CA6D76500B9069A /* SKTaskUtils */,
				8270D0AA1CA6D76500B9069A /* SKTaskUtilsTests */,
			);
		};
/* End PBXProject section */

/* Begin PBXResourcesBuildPhase section */
		8270D09F1CA6D76500B9069A /* Resources */ = {
			isa = PBXResourcesBuildPhase;
			buildActionMask = 2147483647;
			files = (
			);
			runOnlyForDeploymentPostprocessing = 0;
		};
		8270D0A91CA6D76500B9069A /* Resources */ = {
			isa = PBXResourcesBuildPhase;
			buildActionMask = 2147483647;
			files = (
			);
			runOnlyForDeploymentPostprocessing = 0;
		};
/* End PBXResourcesBuildPhase section */

/* Begin PBXShellScriptBuildPhase section */
		8270D0D91CA6E8AC00B9069A /* ShellScript */ = {
			isa = PBXShellScriptBuildPhase;
			buildActionMask = 2147483647;
			files = (
			);
			inputPaths = (
				"$(SRCROOT)/Carthage/Build/iOS/OCHamcrest.framework",
				"$(SRCROOT)/Carthage/Build/iOS/OCMockito.framework",
			);
			outputPaths = (
			);
			runOnlyForDeploymentPostprocessing = 0;
			shellPath = /bin/sh;
			shellScript = "/usr/local/bin/carthage copy-frameworks";
		};
/* End PBXShellScriptBuildPhase section */

/* Begin PBXSourcesBuildPhase section */
		8270D09C1CA6D76500B9069A /* Sources */ = {
			isa = PBXSourcesBuildPhase;
			buildActionMask = 2147483647;
			files = (
				8270D0DD1CA8186300B9069A /* SKTask.m in Sources */,
				8270D0BE1CA6D79800B9069A /* SKTaskQueue.m in Sources */,
			);
			runOnlyForDeploymentPostprocessing = 0;
		};
		8270D0A71CA6D76500B9069A /* Sources */ = {
			isa = PBXSourcesBuildPhase;
			buildActionMask = 2147483647;
			files = (
				8270D0C01CA6D7AD00B9069A /* SKTaskQueueTest.m in Sources */,
				8270D0B11CA6D76500B9069A /* SKTaskUtilsTests.m in Sources */,
			);
			runOnlyForDeploymentPostprocessing = 0;
		};
/* End PBXSourcesBuildPhase section */

/* Begin PBXTargetDependency section */
		8270D0AE1CA6D76500B9069A /* PBXTargetDependency */ = {
			isa = PBXTargetDependency;
			target = 8270D0A01CA6D76500B9069A /* SKTaskUtils */;
			targetProxy = 8270D0AD1CA6D76500B9069A /* PBXContainerItemProxy */;
		};
/* End PBXTargetDependency section */

/* Begin XCBuildConfiguration section */
		8270D0B31CA6D76500B9069A /* Debug */ = {
			isa = XCBuildConfiguration;
			buildSettings = {
				ALWAYS_SEARCH_USER_PATHS = NO;
				CLANG_CXX_LANGUAGE_STANDARD = "gnu++0x";
				CLANG_CXX_LIBRARY = "libc++";
				CLANG_ENABLE_MODULES = YES;
				CLANG_ENABLE_OBJC_ARC = YES;
				CLANG_WARN_BOOL_CONVERSION = YES;
				CLANG_WARN_CONSTANT_CONVERSION = YES;
				CLANG_WARN_DIRECT_OBJC_ISA_USAGE = YES_ERROR;
				CLANG_WARN_EMPTY_BODY = YES;
				CLANG_WARN_ENUM_CONVERSION = YES;
				CLANG_WARN_INT_CONVERSION = YES;
				CLANG_WARN_OBJC_ROOT_CLASS = YES_ERROR;
				CLANG_WARN_UNREACHABLE_CODE = YES;
				CLANG_WARN__DUPLICATE_METHOD_MATCH = YES;
				"CODE_SIGN_IDENTITY[sdk=iphoneos*]" = "iPhone Developer";
				COPY_PHASE_STRIP = NO;
				CURRENT_PROJECT_VERSION = 1;
				DEBUG_INFORMATION_FORMAT = dwarf;
				ENABLE_STRICT_OBJC_MSGSEND = YES;
				ENABLE_TESTABILITY = YES;
				FRAMEWORK_SEARCH_PATHS = "";
				GCC_C_LANGUAGE_STANDARD = gnu99;
				GCC_DYNAMIC_NO_PIC = NO;
				GCC_NO_COMMON_BLOCKS = YES;
				GCC_OPTIMIZATION_LEVEL = 0;
				GCC_PREPROCESSOR_DEFINITIONS = (
					"DEBUG=1",
					"$(inherited)",
				);
				GCC_WARN_64_TO_32_BIT_CONVERSION = YES;
				GCC_WARN_ABOUT_RETURN_TYPE = YES_ERROR;
				GCC_WARN_UNDECLARED_SELECTOR = YES;
				GCC_WARN_UNINITIALIZED_AUTOS = YES_AGGRESSIVE;
				GCC_WARN_UNUSED_FUNCTION = YES;
				GCC_WARN_UNUSED_VARIABLE = YES;
				IPHONEOS_DEPLOYMENT_TARGET = 9.2;
				MTL_ENABLE_DEBUG_INFO = YES;
				ONLY_ACTIVE_ARCH = YES;
				SDKROOT = iphoneos;
				TARGETED_DEVICE_FAMILY = "1,2";
				VERSIONING_SYSTEM = "apple-generic";
				VERSION_INFO_PREFIX = "";
			};
			name = Debug;
		};
		8270D0B41CA6D76500B9069A /* Release */ = {
			isa = XCBuildConfiguration;
			buildSettings = {
				ALWAYS_SEARCH_USER_PATHS = NO;
				CLANG_CXX_LANGUAGE_STANDARD = "gnu++0x";
				CLANG_CXX_LIBRARY = "libc++";
				CLANG_ENABLE_MODULES = YES;
				CLANG_ENABLE_OBJC_ARC = YES;
				CLANG_WARN_BOOL_CONVERSION = YES;
				CLANG_WARN_CONSTANT_CONVERSION = YES;
				CLANG_WARN_DIRECT_OBJC_ISA_USAGE = YES_ERROR;
				CLANG_WARN_EMPTY_BODY = YES;
				CLANG_WARN_ENUM_CONVERSION = YES;
				CLANG_WARN_INT_CONVERSION = YES;
				CLANG_WARN_OBJC_ROOT_CLASS = YES_ERROR;
				CLANG_WARN_UNREACHABLE_CODE = YES;
				CLANG_WARN__DUPLICATE_METHOD_MATCH = YES;
				"CODE_SIGN_IDENTITY[sdk=iphoneos*]" = "iPhone Developer";
				COPY_PHASE_STRIP = NO;
				CURRENT_PROJECT_VERSION = 1;
				DEBUG_INFORMATION_FORMAT = "dwarf-with-dsym";
				ENABLE_NS_ASSERTIONS = NO;
				ENABLE_STRICT_OBJC_MSGSEND = YES;
				FRAMEWORK_SEARCH_PATHS = "";
				GCC_C_LANGUAGE_STANDARD = gnu99;
				GCC_NO_COMMON_BLOCKS = YES;
				GCC_WARN_64_TO_32_BIT_CONVERSION = YES;
				GCC_WARN_ABOUT_RETURN_TYPE = YES_ERROR;
				GCC_WARN_UNDECLARED_SELECTOR = YES;
				GCC_WARN_UNINITIALIZED_AUTOS = YES_AGGRESSIVE;
				GCC_WARN_UNUSED_FUNCTION = YES;
				GCC_WARN_UNUSED_VARIABLE = YES;
				IPHONEOS_DEPLOYMENT_TARGET = 9.2;
				MTL_ENABLE_DEBUG_INFO = NO;
				SDKROOT = iphoneos;
				TARGETED_DEVICE_FAMILY = "1,2";
				VALIDATE_PRODUCT = YES;
				VERSIONING_SYSTEM = "apple-generic";
				VERSION_INFO_PREFIX = "";
			};
			name = Release;
		};
		8270D0B61CA6D76500B9069A /* Debug */ = {
			isa = XCBuildConfiguration;
			buildSettings = {
				DEFINES_MODULE = YES;
				DYLIB_COMPATIBILITY_VERSION = 1;
				DYLIB_CURRENT_VERSION = 1;
				DYLIB_INSTALL_NAME_BASE = "@rpath";
				FRAMEWORK_SEARCH_PATHS = (
					"$(inherited)",
					"$(PROJECT_DIR)/Carthage/Build/iOS",
				);
				INFOPLIST_FILE = SKTaskUtils/Info.plist;
				INSTALL_PATH = "$(LOCAL_LIBRARY_DIR)/Frameworks";
				LD_RUNPATH_SEARCH_PATHS = "$(inherited) @executable_path/Frameworks @loader_path/Frameworks";
				PRODUCT_BUNDLE_IDENTIFIER = com.github.skchen.SKTaskUtils;
				PRODUCT_NAME = "$(TARGET_NAME)";
				SKIP_INSTALL = YES;
			};
			name = Debug;
		};
		8270D0B71CA6D76500B9069A /* Release */ = {
			isa = XCBuildConfiguration;
			buildSettings = {
				DEFINES_MODULE = YES;
				DYLIB_COMPATIBILITY_VERSION = 1;
				DYLIB_CURRENT_VERSION = 1;
				DYLIB_INSTALL_NAME_BASE = "@rpath";
				FRAMEWORK_SEARCH_PATHS = (
					"$(inherited)",
					"$(PROJECT_DIR)/Carthage/Build/iOS",
				);
				INFOPLIST_FILE = SKTaskUtils/Info.plist;
				INSTALL_PATH = "$(LOCAL_LIBRARY_DIR)/Frameworks";
				LD_RUNPATH_SEARCH_PATHS = "$(inherited) @executable_path/Frameworks @loader_path/Frameworks";
				PRODUCT_BUNDLE_IDENTIFIER = com.github.skchen.SKTaskUtils;
				PRODUCT_NAME = "$(TARGET_NAME)";
				SKIP_INSTALL = YES;
			};
			name = Release;
		};
		8270D0B91CA6D76500B9069A /* Debug */ = {
			isa = XCBuildConfiguration;
			buildSettings = {
				FRAMEWORK_SEARCH_PATHS = (
					"$(inherited)",
					"$(PROJECT_DIR)/Carthage/Build/iOS",
				);
				INFOPLIST_FILE = SKTaskUtilsTests/Info.plist;
				LD_RUNPATH_SEARCH_PATHS = "$(inherited) @executable_path/Frameworks @loader_path/Frameworks";
				PRODUCT_BUNDLE_IDENTIFIER = com.github.skchen.SKTaskUtilsTests;
				PRODUCT_NAME = "$(TARGET_NAME)";
			};
			name = Debug;
		};
		8270D0BA1CA6D76500B9069A /* Release */ = {
			isa = XCBuildConfiguration;
			buildSettings = {
				FRAMEWORK_SEARCH_PATHS = (
					"$(inherited)",
					"$(PROJECT_DIR)/Carthage/Build/iOS",
				);
				INFOPLIST_FILE = SKTaskUtilsTests/Info.plist;
				LD_RUNPATH_SEARCH_PATHS = "$(inherited) @executable_path/Frameworks @loader_path/Frameworks";
				PRODUCT_BUNDLE_IDENTIFIER = com.github.skchen.SKTaskUtilsTests;
				PRODUCT_NAME = "$(TARGET_NAME)";
			};
			name = Release;
		};
/* End XCBuildConfiguration section */

/* Begin XCConfigurationList section */
		8270D09B1CA6D76500B9069A /* Build configuration list for PBXProject "SKTaskUtils" */ = {
			isa = XCConfigurationList;
			buildConfigurations = (
				8270D0B31CA6D76500B9069A /* Debug */,
				8270D0B41CA6D76500B9069A /* Release */,
			);
			defaultConfigurationIsVisible = 0;
			defaultConfigurationName = Release;
		};
		8270D0B51CA6D76500B9069A /* Build configuration list for PBXNativeTarget "SKTaskUtils" */ = {
			isa = XCConfigurationList;
			buildConfigurations = (
				8270D0B61CA6D76500B9069A /* Debug */,
				8270D0B71CA6D76500B9069A /* Release */,
			);
			defaultConfigurationIsVisible = 0;
		};
		8270D0B81CA6D76500B9069A /* Build configuration list for PBXNativeTarget "SKTaskUtilsTests" */ = {
			isa = XCConfigurationList;
			buildConfigurations = (
				8270D0B91CA6D76500B9069A /* Debug */,
				8270D0BA1CA6D76500B9069A /* Release */,
			);
			defaultConfigurationIsVisible = 0;
		};
/* End XCConfigurationList section */
	};
	rootObject = 8270D0981CA6D76500B9069A /* Project object */;
}
